
Microsoft Visual Studio Solution File, Format Version 10.00
# Visual C++ Express 2008
Project("{8BC9CEB8-8B4A-11D0-8D11-00A0C91BC942}") = "libfole", "libfole\libfole.vcproj", "{85798504-AF81-4D65-B527-D2667B638C13}"
	ProjectSection(ProjectDependencies) = postProject
		{BD3A95FA-A3DE-4B79-A889-A7E5ECA4B69C} = {BD3A95FA-A3DE-4B79-A889-A7E5ECA4B69C}
	EndProjectSection
EndProject
Project("{8BC9CEB8-8B4A-11D0-8D11-00A0C91BC942}") = "libfguid", "libfguid\libfguid.vcproj", "{8C13E498-6369-4792-A0CF-B7134C54561B}"
	ProjectSection(ProjectDependencies) = postProject
		{BD3A95FA-A3DE-4B79-A889-A7E5ECA4B69C} = {BD3A95FA-A3DE-4B79-A889-A7E5ECA4B69C}
	EndProjectSection
EndProject
Project("{8BC9CEB8-8B4A-11D0-8D11-00A0C91BC942}") = "msiecf_test_cache_directory_table", "msiecf_test_cache_directory_table\msiecf_test_cache_directory_table.vcproj", "{F82D992B-9636-41A5-92EE-FDA09A4344C9}"
	ProjectSection(ProjectDependencies) = postProject
		{41CFAFBF-A1C8-4704-AFEF-31979E6452B9} = {41CFAFBF-A1C8-4704-AFEF-31979E6452B9}
		{3FFB9C05-1145-45A7-9ADE-5C8D70FBD7CA} = {3FFB9C05-1145-45A7-9ADE-5C8D70FBD7CA}
		{4C93BDD3-1804-47F3-9B34-F2DE0CAE1AE0} = {4C93BDD3-1804-47F3-9B34-F2DE0CAE1AE0}
		{BC27FF34-C859-4A1A-95D6-FC89952E1910} = {BC27FF34-C859-4A1A-95D6-FC89952E1910}
		{B86FB73A-4ACC-42DE-9545-586D93955B06} = {B86FB73A-4ACC-42DE-9545-586D93955B06}
		{5304AD69-D449-4589-B2C9-E4607E56A51D} = {5304AD69-D449-4589-B2C9-E4607E56A51D}
		{CEDF8919-00B2-4D8A-88CC-84ADB2D2FF89} = {CEDF8919-00B2-4D8A-88CC-84ADB2D2FF89}
		{B9332DC8-7594-47DF-80C1-38922E0F4DFB} = {B9332DC8-7594-47DF-80C1-38922E0F4DFB}
		{7BCD081D-FD85-43C6-922D-72920254AD1F} = {7BCD081D-FD85-43C6-922D-72920254AD1F}
		{BD3A95FA-A3DE-4B79-A889-A7E5ECA4B69C} = {BD3A95FA-A3DE-4B79-A889-A7E5ECA4B69C}
	EndProjectSection
EndProject
Project("{8BC9CEB8-8B4A-11D0-8D11-00A0C91BC942}") = "msiecf_test_directory_descriptor", "msiecf_test_directory_descriptor\msiecf_test_directory_descriptor.vcproj", "{2B3BB037-F748-4983-BE07-9EA910915433}"
	ProjectSection(ProjectDependencies) = postProject
		{7BCD081D-FD85-43C6-922D-72920254AD1F} = {7BCD081D-FD85-43C6-922D-72920254AD1F}
		{BD3A95FA-A3DE-4B79-A889-A7E5ECA4B69C} = {BD3A95FA-A3DE-4B79-A889-A7E5ECA4B69C}
	EndProjectSection
EndProject
Project("{8BC9CEB8-8B4A-11D0-8D11-00A0C91BC942}") = "msiecf_test_error", "msiecf_test_error\msiecf_test_error.vcproj", "{613A110E-1831-45DA-B434-7B4F2C884EE5}"
	ProjectSection(ProjectDependencies) = postProject
		{7BCD081D-FD85-43C6-922D-72920254AD1F} = {7BCD081D-FD85-43C6-922D-72920254AD1F}
	EndProjectSection
EndProject
Project("{8BC9CEB8-8B4A-11D0-8D11-00A0C91BC942}") = "msiecf_test_file", "msiecf_test_file\msiecf_test_file.vcproj", "{778EBD4B-DABA-427F-85CC-CE41949FEB16}"
	ProjectSection(ProjectDependencies) = postProject
		{41CFAFBF-A1C8-4704-AFEF-31979E6452B9} = {41CFAFBF-A1C8-4704-AFEF-31979E6452B9}
		{3FFB9C05-1145-45A7-9ADE-5C8D70FBD7CA} = {3FFB9C05-1145-45A7-9ADE-5C8D70FBD7CA}
		{4C93BDD3-1804-47F3-9B34-F2DE0CAE1AE0} = {4C93BDD3-1804-47F3-9B34-F2DE0CAE1AE0}
		{BC27FF34-C859-4A1A-95D6-FC89952E1910} = {BC27FF34-C859-4A1A-95D6-FC89952E1910}
		{B86FB73A-4ACC-42DE-9545-586D93955B06} = {B86FB73A-4ACC-42DE-9545-586D93955B06}
		{5304AD69-D449-4589-B2C9-E4607E56A51D} = {5304AD69-D449-4589-B2C9-E4607E56A51D}
		{CEDF8919-00B2-4D8A-88CC-84ADB2D2FF89} = {CEDF8919-00B2-4D8A-88CC-84ADB2D2FF89}
		{B9332DC8-7594-47DF-80C1-38922E0F4DFB} = {B9332DC8-7594-47DF-80C1-38922E0F4DFB}
		{7BCD081D-FD85-43C6-922D-72920254AD1F} = {7BCD081D-FD85-43C6-922D-72920254AD1F}
		{8AFAA2C6-E025-4B45-B96F-A27D04C6115A} = {8AFAA2C6-E025-4B45-B96F-A27D04C6115A}
		{BD3A95FA-A3DE-4B79-A889-A7E5ECA4B69C} = {BD3A95FA-A3DE-4B79-A889-A7E5ECA4B69C}
	EndProjectSection
EndProject
Project("{8BC9CEB8-8B4A-11D0-8D11-00A0C91BC942}") = "msiecf_test_file_header", "msiecf_test_file_header\msiecf_test_file_header.vcproj", "{24164120-0812-424D-A4BA-865746B620C3}"
	ProjectSection(ProjectDependencies) = postProject
		{41CFAFBF-A1C8-4704-AFEF-31979E6452B9} = {41CFAFBF-A1C8-4704-AFEF-31979E6452B9}
		{3FFB9C05-1145-45A7-9ADE-5C8D70FBD7CA} = {3FFB9C05-1145-45A7-9ADE-5C8D70FBD7CA}
		{4C93BDD3-1804-47F3-9B34-F2DE0CAE1AE0} = {4C93BDD3-1804-47F3-9B34-F2DE0CAE1AE0}
		{BC27FF34-C859-4A1A-95D6-FC89952E1910} = {BC27FF34-C859-4A1A-95D6-FC89952E1910}
		{B86FB73A-4ACC-42DE-9545-586D93955B06} = {B86FB73A-4ACC-42DE-9545-586D93955B06}
		{5304AD69-D449-4589-B2C9-E4607E56A51D} = {5304AD69-D449-4589-B2C9-E4607E56A51D}
		{CEDF8919-00B2-4D8A-88CC-84ADB2D2FF89} = {CEDF8919-00B2-4D8A-88CC-84ADB2D2FF89}
		{B9332DC8-7594-47DF-80C1-38922E0F4DFB} = {B9332DC8-7594-47DF-80C1-38922E0F4DFB}
		{7BCD081D-FD85-43C6-922D-72920254AD1F} = {7BCD081D-FD85-43C6-922D-72920254AD1F}
		{BD3A95FA-A3DE-4B79-A889-A7E5ECA4B69C} = {BD3A95FA-A3DE-4B79-A889-A7E5ECA4B69C}
	EndProjectSection
EndProject
Project("{8BC9CEB8-8B4A-11D0-8D11-00A0C91BC942}") = "msiecf_test_io_handle", "msiecf_test_io_handle\msiecf_test_io_handle.vcproj", "{BCB6A59C-382B-42F7-A3E6-AD8D9C8C1FBC}"
	ProjectSection(ProjectDependencies) = postProject
		{7BCD081D-FD85-43C6-922D-72920254AD1F} = {7BCD081D-FD85-43C6-922D-72920254AD1F}
		{BD3A95FA-A3DE-4B79-A889-A7E5ECA4B69C} = {BD3A95FA-A3DE-4B79-A889-A7E5ECA4B69C}
	EndProjectSection
EndProject
Project("{8BC9CEB8-8B4A-11D0-8D11-00A0C91BC942}") = "msiecf_test_item", "msiecf_test_item\msiecf_test_item.vcproj", "{AA145F1F-8A74-4112-B177-8A79984E786C}"
	ProjectSection(ProjectDependencies) = postProject
		{7BCD081D-FD85-43C6-922D-72920254AD1F} = {7BCD081D-FD85-43C6-922D-72920254AD1F}
		{BD3A95FA-A3DE-4B79-A889-A7E5ECA4B69C} = {BD3A95FA-A3DE-4B79-A889-A7E5ECA4B69C}
	EndProjectSection
EndProject
Project("{8BC9CEB8-8B4A-11D0-8D11-00A0C91BC942}") = "msiecf_test_item_descriptor", "msiecf_test_item_descriptor\msiecf_test_item_descriptor.vcproj", "{D7110311-202D-40D4-BC2E-85F3E9284FB3}"
	ProjectSection(ProjectDependencies) = postProject
		{7BCD081D-FD85-43C6-922D-72920254AD1F} = {7BCD081D-FD85-43C6-922D-72920254AD1F}
		{BD3A95FA-A3DE-4B79-A889-A7E5ECA4B69C} = {BD3A95FA-A3DE-4B79-A889-A7E5ECA4B69C}
	EndProjectSection
EndProject
Project("{8BC9CEB8-8B4A-11D0-8D11-00A0C91BC942}") = "msiecf_test_leak", "msiecf_test_leak\msiecf_test_leak.vcproj", "{5BD72764-1D9E-4D80-9BAE-E2C2EEA94457}"
	ProjectSection(ProjectDependencies) = postProject
		{7BCD081D-FD85-43C6-922D-72920254AD1F} = {7BCD081D-FD85-43C6-922D-72920254AD1F}
		{BD3A95FA-A3DE-4B79-A889-A7E5ECA4B69C} = {BD3A95FA-A3DE-4B79-A889-A7E5ECA4B69C}
	EndProjectSection
EndProject
Project("{8BC9CEB8-8B4A-11D0-8D11-00A0C91BC942}") = "msiecf_test_leak_values", "msiecf_test_leak_values\msiecf_test_leak_values.vcproj", "{5D0EF44C-50E4-4A3D-84A2-58D219A7453F}"
	ProjectSection(ProjectDependencies) = postProject
		{41CFAFBF-A1C8-4704-AFEF-31979E6452B9} = {41CFAFBF-A1C8-4704-AFEF-31979E6452B9}
		{3FFB9C05-1145-45A7-9ADE-5C8D70FBD7CA} = {3FFB9C05-1145-45A7-9ADE-5C8D70FBD7CA}
		{4C93BDD3-1804-47F3-9B34-F2DE0CAE1AE0} = {4C93BDD3-1804-47F3-9B34-F2DE0CAE1AE0}
		{BC27FF34-C859-4A1A-95D6-FC89952E1910} = {BC27FF34-C859-4A1A-95D6-FC89952E1910}
		{B86FB73A-4ACC-42DE-9545-586D93955B06} = {B86FB73A-4ACC-42DE-9545-586D93955B06}
		{5304AD69-D449-4589-B2C9-E4607E56A51D} = {5304AD69-D449-4589-B2C9-E4607E56A51D}
		{CEDF8919-00B2-4D8A-88CC-84ADB2D2FF89} = {CEDF8919-00B2-4D8A-88CC-84ADB2D2FF89}
		{B9332DC8-7594-47DF-80C1-38922E0F4DFB} = {B9332DC8-7594-47DF-80C1-38922E0F4DFB}
		{7BCD081D-FD85-43C6-922D-72920254AD1F} = {7BCD081D-FD85-43C6-922D-72920254AD1F}
		{BD3A95FA-A3DE-4B79-A889-A7E5ECA4B69C} = {BD3A95FA-A3DE-4B79-A889-A7E5ECA4B69C}
	EndProjectSection
EndProject
Project("{8BC9CEB8-8B4A-11D0-8D11-00A0C91BC942}") = "msiecf_test_notify", "msiecf_test_notify\msiecf_test_notify.vcproj", "{AD251908-821D-4663-8C54-4F353D7263A0}"
	ProjectSection(ProjectDependencies) = postProject
		{7BCD081D-FD85-43C6-922D-72920254AD1F} = {7BCD081D-FD85-43C6-922D-72920254AD1F}
		{BD3A95FA-A3DE-4B79-A889-A7E5ECA4B69C} = {BD3A95FA-A3DE-4B79-A889-A7E5ECA4B69C}
	EndProjectSection
EndProject
Project("{8BC9CEB8-8B4A-11D0-8D11-00A0C91BC942}") = "msiecf_test_property_type", "msiecf_test_property_type\msiecf_test_property_type.vcproj", "{86516E5B-FCF6-4349-91B2-836F58D26C37}"
	ProjectSection(ProjectDependencies) = postProject
		{7BCD081D-FD85-43C6-922D-72920254AD1F} = {7BCD081D-FD85-43C6-922D-72920254AD1F}
		{BD3A95FA-A3DE-4B79-A889-A7E5ECA4B69C} = {BD3A95FA-A3DE-4B79-A889-A7E5ECA4B69C}
	EndProjectSection
EndProject
Project("{8BC9CEB8-8B4A-11D0-8D11-00A0C91BC942}") = "msiecf_test_redirected", "msiecf_test_redirected\msiecf_test_redirected.vcproj", "{23338BAF-D3A7-4F3C-8D5D-966C8D52EF16}"
	ProjectSection(ProjectDependencies) = postProject
		{7BCD081D-FD85-43C6-922D-72920254AD1F} = {7BCD081D-FD85-43C6-922D-72920254AD1F}
		{BD3A95FA-A3DE-4B79-A889-A7E5ECA4B69C} = {BD3A95FA-A3DE-4B79-A889-A7E5ECA4B69C}
	EndProjectSection
EndProject
Project("{8BC9CEB8-8B4A-11D0-8D11-00A0C91BC942}") = "msiecf_test_redirected_values", "msiecf_test_redirected_values\msiecf_test_redirected_values.vcproj", "{EBD2DF07-925E-43FB-83BA-3AA5A600A08F}"
	ProjectSection(ProjectDependencies) = postProject
		{41CFAFBF-A1C8-4704-AFEF-31979E6452B9} = {41CFAFBF-A1C8-4704-AFEF-31979E6452B9}
		{3FFB9C05-1145-45A7-9ADE-5C8D70FBD7CA} = {3FFB9C05-1145-45A7-9ADE-5C8D70FBD7CA}
		{4C93BDD3-1804-47F3-9B34-F2DE0CAE1AE0} = {4C93BDD3-1804-47F3-9B34-F2DE0CAE1AE0}
		{BC27FF34-C859-4A1A-95D6-FC89952E1910} = {BC27FF34-C859-4A1A-95D6-FC89952E1910}
		{B86FB73A-4ACC-42DE-9545-586D93955B06} = {B86FB73A-4ACC-42DE-9545-586D93955B06}
		{5304AD69-D449-4589-B2C9-E4607E56A51D} = {5304AD69-D449-4589-B2C9-E4607E56A51D}
		{CEDF8919-00B2-4D8A-88CC-84ADB2D2FF89} = {CEDF8919-00B2-4D8A-88CC-84ADB2D2FF89}
		{B9332DC8-7594-47DF-80C1-38922E0F4DFB} = {B9332DC8-7594-47DF-80C1-38922E0F4DFB}
		{7BCD081D-FD85-43C6-922D-72920254AD1F} = {7BCD081D-FD85-43C6-922D-72920254AD1F}
		{BD3A95FA-A3DE-4B79-A889-A7E5ECA4B69C} = {BD3A95FA-A3DE-4B79-A889-A7E5ECA4B69C}
	EndProjectSection
EndProject
Project("{8BC9CEB8-8B4A-11D0-8D11-00A0C91BC942}") = "msiecf_test_support", "msiecf_test_support\msiecf_test_support.vcproj", "{CF389480-CDCF-457E-987D-E8B17050FA7C}"
	ProjectSection(ProjectDependencies) = postProject
		{41CFAFBF-A1C8-4704-AFEF-31979E6452B9} = {41CFAFBF-A1C8-4704-AFEF-31979E6452B9}
		{3FFB9C05-1145-45A7-9ADE-5C8D70FBD7CA} = {3FFB9C05-1145-45A7-9ADE-5C8D70FBD7CA}
		{4C93BDD3-1804-47F3-9B34-F2DE0CAE1AE0} = {4C93BDD3-1804-47F3-9B34-F2DE0CAE1AE0}
		{BC27FF34-C859-4A1A-95D6-FC89952E1910} = {BC27FF34-C859-4A1A-95D6-FC89952E1910}
		{B86FB73A-4ACC-42DE-9545-586D93955B06} = {B86FB73A-4ACC-42DE-9545-586D93955B06}
		{5304AD69-D449-4589-B2C9-E4607E56A51D} = {5304AD69-D449-4589-B2C9-E4607E56A51D}
		{CEDF8919-00B2-4D8A-88CC-84ADB2D2FF89} = {CEDF8919-00B2-4D8A-88CC-84ADB2D2FF89}
		{B9332DC8-7594-47DF-80C1-38922E0F4DFB} = {B9332DC8-7594-47DF-80C1-38922E0F4DFB}
		{7BCD081D-FD85-43C6-922D-72920254AD1F} = {7BCD081D-FD85-43C6-922D-72920254AD1F}
		{BD3A95FA-A3DE-4B79-A889-A7E5ECA4B69C} = {BD3A95FA-A3DE-4B79-A889-A7E5ECA4B69C}
	EndProjectSection
EndProject
Project("{8BC9CEB8-8B4A-11D0-8D11-00A0C91BC942}") = "msiecf_test_url", "msiecf_test_url\msiecf_test_url.vcproj", "{AB66A878-21FC-4141-B99C-139E14ACBEA6}"
	ProjectSection(ProjectDependencies) = postProject
		{7BCD081D-FD85-43C6-922D-72920254AD1F} = {7BCD081D-FD85-43C6-922D-72920254AD1F}
		{BD3A95FA-A3DE-4B79-A889-A7E5ECA4B69C} = {BD3A95FA-A3DE-4B79-A889-A7E5ECA4B69C}
	EndProjectSection
EndProject
Project("{8BC9CEB8-8B4A-11D0-8D11-00A0C91BC942}") = "msiecf_test_url_values", "msiecf_test_url_values\msiecf_test_url_values.vcproj", "{BE15FF92-5EF0-4AE0-B24F-A76C65E6BA01}"
	ProjectSection(ProjectDependencies) = postProject
		{41CFAFBF-A1C8-4704-AFEF-31979E6452B9} = {41CFAFBF-A1C8-4704-AFEF-31979E6452B9}
		{3FFB9C05-1145-45A7-9ADE-5C8D70FBD7CA} = {3FFB9C05-1145-45A7-9ADE-5C8D70FBD7CA}
		{4C93BDD3-1804-47F3-9B34-F2DE0CAE1AE0} = {4C93BDD3-1804-47F3-9B34-F2DE0CAE1AE0}
		{BC27FF34-C859-4A1A-95D6-FC89952E1910} = {BC27FF34-C859-4A1A-95D6-FC89952E1910}
		{B86FB73A-4ACC-42DE-9545-586D93955B06} = {B86FB73A-4ACC-42DE-9545-586D93955B06}
		{5304AD69-D449-4589-B2C9-E4607E56A51D} = {5304AD69-D449-4589-B2C9-E4607E56A51D}
		{CEDF8919-00B2-4D8A-88CC-84ADB2D2FF89} = {CEDF8919-00B2-4D8A-88CC-84ADB2D2FF89}
		{B9332DC8-7594-47DF-80C1-38922E0F4DFB} = {B9332DC8-7594-47DF-80C1-38922E0F4DFB}
		{7BCD081D-FD85-43C6-922D-72920254AD1F} = {7BCD081D-FD85-43C6-922D-72920254AD1F}
		{BD3A95FA-A3DE-4B79-A889-A7E5ECA4B69C} = {BD3A95FA-A3DE-4B79-A889-A7E5ECA4B69C}
	EndProjectSection
EndProject
Project("{8BC9CEB8-8B4A-11D0-8D11-00A0C91BC942}") = "libclocale", "libclocale\libclocale.vcproj", "{CEDF8919-00B2-4D8A-88CC-84ADB2D2FF89}"
	ProjectSection(ProjectDependencies) = postProject
		{BD3A95FA-A3DE-4B79-A889-A7E5ECA4B69C} = {BD3A95FA-A3DE-4B79-A889-A7E5ECA4B69C}
	EndProjectSection
EndProject
Project("{8BC9CEB8-8B4A-11D0-8D11-00A0C91BC942}") = "libbfio", "libbfio\libbfio.vcproj", "{41CFAFBF-A1C8-4704-AFEF-31979E6452B9}"
	ProjectSection(ProjectDependencies) = postProject
		{BD3A95FA-A3DE-4B79-A889-A7E5ECA4B69C} = {BD3A95FA-A3DE-4B79-A889-A7E5ECA4B69C}
		{8AFAA2C6-E025-4B45-B96F-A27D04C6115A} = {8AFAA2C6-E025-4B45-B96F-A27D04C6115A}
		{CEDF8919-00B2-4D8A-88CC-84ADB2D2FF89} = {CEDF8919-00B2-4D8A-88CC-84ADB2D2FF89}
		{5304AD69-D449-4589-B2C9-E4607E56A51D} = {5304AD69-D449-4589-B2C9-E4607E56A51D}
		{B9332DC8-7594-47DF-80C1-38922E0F4DFB} = {B9332DC8-7594-47DF-80C1-38922E0F4DFB}
		{B86FB73A-4ACC-42DE-9545-586D93955B06} = {B86FB73A-4ACC-42DE-9545-586D93955B06}
		{4C93BDD3-1804-47F3-9B34-F2DE0CAE1AE0} = {4C93BDD3-1804-47F3-9B34-F2DE0CAE1AE0}
		{3FFB9C05-1145-45A7-9ADE-5C8D70FBD7CA} = {3FFB9C05-1145-45A7-9ADE-5C8D70FBD7CA}
		{BC27FF34-C859-4A1A-95D6-FC89952E1910} = {BC27FF34-C859-4A1A-95D6-FC89952E1910}
	EndProjectSection
EndProject
Project("{8BC9CEB8-8B4A-11D0-8D11-00A0C91BC942}") = "libfdatetime", "libfdatetime\libfdatetime.vcproj", "{25C60507-39C6-4564-912D-DA2E7482A00F}"
	ProjectSection(ProjectDependencies) = postProject
		{BD3A95FA-A3DE-4B79-A889-A7E5ECA4B69C} = {BD3A95FA-A3DE-4B79-A889-A7E5ECA4B69C}
	EndProjectSection
EndProject
Project("{8BC9CEB8-8B4A-11D0-8D11-00A0C91BC942}") = "libcfile", "libcfile\libcfile.vcproj", "{4C93BDD3-1804-47F3-9B34-F2DE0CAE1AE0}"
	ProjectSection(ProjectDependencies) = postProject
		{BD3A95FA-A3DE-4B79-A889-A7E5ECA4B69C} = {BD3A95FA-A3DE-4B79-A889-A7E5ECA4B69C}
		{CEDF8919-00B2-4D8A-88CC-84ADB2D2FF89} = {CEDF8919-00B2-4D8A-88CC-84ADB2D2FF89}
		{5304AD69-D449-4589-B2C9-E4607E56A51D} = {5304AD69-D449-4589-B2C9-E4607E56A51D}
		{BC27FF34-C859-4A1A-95D6-FC89952E1910} = {BC27FF34-C859-4A1A-95D6-FC89952E1910}
	EndProjectSection
EndProject
Project("{8BC9CEB8-8B4A-11D0-8D11-00A0C91BC942}") = "libcthreads", "libcthreads\libcthreads.vcproj", "{8AFAA2C6-E025-4B45-B96F-A27D04C6115A}"
	ProjectSection(ProjectDependencies) = postProject
		{BD3A95FA-A3DE-4B79-A889-A7E5ECA4B69C} = {BD3A95FA-A3DE-4B79-A889-A7E5ECA4B69C}
	EndProjectSection
EndProject
Project("{8BC9CEB8-8B4A-11D0-8D11-00A0C91BC942}") = "libcpath", "libcpath\libcpath.vcproj", "{3FFB9C05-1145-45A7-9ADE-5C8D70FBD7CA}"
	ProjectSection(ProjectDependencies) = postProject
		{BD3A95FA-A3DE-4B79-A889-A7E5ECA4B69C} = {BD3A95FA-A3DE-4B79-A889-A7E5ECA4B69C}
		{CEDF8919-00B2-4D8A-88CC-84ADB2D2FF89} = {CEDF8919-00B2-4D8A-88CC-84ADB2D2FF89}
		{B86FB73A-4ACC-42DE-9545-586D93955B06} = {B86FB73A-4ACC-42DE-9545-586D93955B06}
		{BC27FF34-C859-4A1A-95D6-FC89952E1910} = {BC27FF34-C859-4A1A-95D6-FC89952E1910}
	EndProjectSection
EndProject
Project("{8BC9CEB8-8B4A-11D0-8D11-00A0C91BC942}") = "libuna", "libuna\libuna.vcproj", "{BC27FF34-C859-4A1A-95D6-FC89952E1910}"
	ProjectSection(ProjectDependencies) = postProject
		{BD3A95FA-A3DE-4B79-A889-A7E5ECA4B69C} = {BD3A95FA-A3DE-4B79-A889-A7E5ECA4B69C}
	EndProjectSection
EndProject
Project("{8BC9CEB8-8B4A-11D0-8D11-00A0C91BC942}") = "libfvalue", "libfvalue\libfvalue.vcproj", "{85005D62-6AA7-4D8A-86CB-4061B23D7C6C}"
	ProjectSection(ProjectDependencies) = postProject
		{BD3A95FA-A3DE-4B79-A889-A7E5ECA4B69C} = {BD3A95FA-A3DE-4B79-A889-A7E5ECA4B69C}
		{8AFAA2C6-E025-4B45-B96F-A27D04C6115A} = {8AFAA2C6-E025-4B45-B96F-A27D04C6115A}
		{B9332DC8-7594-47DF-80C1-38922E0F4DFB} = {B9332DC8-7594-47DF-80C1-38922E0F4DFB}
		{5304AD69-D449-4589-B2C9-E4607E56A51D} = {5304AD69-D449-4589-B2C9-E4607E56A51D}
		{BC27FF34-C859-4A1A-95D6-FC89952E1910} = {BC27FF34-C859-4A1A-95D6-FC89952E1910}
		{25C60507-39C6-4564-912D-DA2E7482A00F} = {25C60507-39C6-4564-912D-DA2E7482A00F}
		{8C13E498-6369-4792-A0CF-B7134C54561B} = {8C13E498-6369-4792-A0CF-B7134C54561B}
	EndProjectSection
EndProject
Project("{8BC9CEB8-8B4A-11D0-8D11-00A0C91BC942}") = "libcerror", "libcerror\libcerror.vcproj", "{BD3A95FA-A3DE-4B79-A889-A7E5ECA4B69C}"
EndProject
Project("{8BC9CEB8-8B4A-11D0-8D11-00A0C91BC942}") = "pymsiecf", "pymsiecf\pymsiecf.vcproj", "{E221DB4C-B254-47CB-993D-DC7FED580DA1}"
	ProjectSection(ProjectDependencies) = postProject
		{BD3A95FA-A3DE-4B79-A889-A7E5ECA4B69C} = {BD3A95FA-A3DE-4B79-A889-A7E5ECA4B69C}
		{7BCD081D-FD85-43C6-922D-72920254AD1F} = {7BCD081D-FD85-43C6-922D-72920254AD1F}
		{B9332DC8-7594-47DF-80C1-38922E0F4DFB} = {B9332DC8-7594-47DF-80C1-38922E0F4DFB}
		{CEDF8919-00B2-4D8A-88CC-84ADB2D2FF89} = {CEDF8919-00B2-4D8A-88CC-84ADB2D2FF89}
		{B86FB73A-4ACC-42DE-9545-586D93955B06} = {B86FB73A-4ACC-42DE-9545-586D93955B06}
		{BC27FF34-C859-4A1A-95D6-FC89952E1910} = {BC27FF34-C859-4A1A-95D6-FC89952E1910}
		{4C93BDD3-1804-47F3-9B34-F2DE0CAE1AE0} = {4C93BDD3-1804-47F3-9B34-F2DE0CAE1AE0}
		{3FFB9C05-1145-45A7-9ADE-5C8D70FBD7CA} = {3FFB9C05-1145-45A7-9ADE-5C8D70FBD7CA}
		{41CFAFBF-A1C8-4704-AFEF-31979E6452B9} = {41CFAFBF-A1C8-4704-AFEF-31979E6452B9}
	EndProjectSection
EndProject
Project("{8BC9CEB8-8B4A-11D0-8D11-00A0C91BC942}") = "libcnotify", "libcnotify\libcnotify.vcproj", "{5304AD69-D449-4589-B2C9-E4607E56A51D}"
	ProjectSection(ProjectDependencies) = postProject
		{BD3A95FA-A3DE-4B79-A889-A7E5ECA4B69C} = {BD3A95FA-A3DE-4B79-A889-A7E5ECA4B69C}
	EndProjectSection
EndProject
Project("{8BC9CEB8-8B4A-11D0-8D11-00A0C91BC942}") = "libmsiecf", "libmsiecf\libmsiecf.vcproj", "{7BCD081D-FD85-43C6-922D-72920254AD1F}"
	ProjectSection(ProjectDependencies) = postProject
		{BD3A95FA-A3DE-4B79-A889-A7E5ECA4B69C} = {BD3A95FA-A3DE-4B79-A889-A7E5ECA4B69C}
		{8AFAA2C6-E025-4B45-B96F-A27D04C6115A} = {8AFAA2C6-E025-4B45-B96F-A27D04C6115A}
		{B9332DC8-7594-47DF-80C1-38922E0F4DFB} = {B9332DC8-7594-47DF-80C1-38922E0F4DFB}
		{CEDF8919-00B2-4D8A-88CC-84ADB2D2FF89} = {CEDF8919-00B2-4D8A-88CC-84ADB2D2FF89}
		{5304AD69-D449-4589-B2C9-E4607E56A51D} = {5304AD69-D449-4589-B2C9-E4607E56A51D}
		{B86FB73A-4ACC-42DE-9545-586D93955B06} = {B86FB73A-4ACC-42DE-9545-586D93955B06}
		{BC27FF34-C859-4A1A-95D6-FC89952E1910} = {BC27FF34-C859-4A1A-95D6-FC89952E1910}
		{4C93BDD3-1804-47F3-9B34-F2DE0CAE1AE0} = {4C93BDD3-1804-47F3-9B34-F2DE0CAE1AE0}
		{3FFB9C05-1145-45A7-9ADE-5C8D70FBD7CA} = {3FFB9C05-1145-45A7-9ADE-5C8D70FBD7CA}
		{41CFAFBF-A1C8-4704-AFEF-31979E6452B9} = {41CFAFBF-A1C8-4704-AFEF-31979E6452B9}
		{25C60507-39C6-4564-912D-DA2E7482A00F} = {25C60507-39C6-4564-912D-DA2E7482A00F}
		{8C13E498-6369-4792-A0CF-B7134C54561B} = {8C13E498-6369-4792-A0CF-B7134C54561B}
		{85798504-AF81-4D65-B527-D2667B638C13} = {85798504-AF81-4D65-B527-D2667B638C13}
		{85005D62-6AA7-4D8A-86CB-4061B23D7C6C} = {85005D62-6AA7-4D8A-86CB-4061B23D7C6C}
	EndProjectSection
EndProject
Project("{8BC9CEB8-8B4A-11D0-8D11-00A0C91BC942}") = "msiecfexport", "msiecfexport\msiecfexport.vcproj", "{6B758D1D-FE05-49C6-836B-9B8AC8DC4FCD}"
	ProjectSection(ProjectDependencies) = postProject
		{25C60507-39C6-4564-912D-DA2E7482A00F} = {25C60507-39C6-4564-912D-DA2E7482A00F}
		{BC27FF34-C859-4A1A-95D6-FC89952E1910} = {BC27FF34-C859-4A1A-95D6-FC89952E1910}
		{7BCD081D-FD85-43C6-922D-72920254AD1F} = {7BCD081D-FD85-43C6-922D-72920254AD1F}
		{5304AD69-D449-4589-B2C9-E4607E56A51D} = {5304AD69-D449-4589-B2C9-E4607E56A51D}
		{CEDF8919-00B2-4D8A-88CC-84ADB2D2FF89} = {CEDF8919-00B2-4D8A-88CC-84ADB2D2FF89}
		{BD3A95FA-A3DE-4B79-A889-A7E5ECA4B69C} = {BD3A95FA-A3DE-4B79-A889-A7E5ECA4B69C}
	EndProjectSection
EndProject
Project("{8BC9CEB8-8B4A-11D0-8D11-00A0C91BC942}") = "msiecfinfo", "msiecfinfo\msiecfinfo.vcproj", "{A7545354-5D50-49F6-A3D0-1F97F6228955}"
	ProjectSection(ProjectDependencies) = postProject
		{BC27FF34-C859-4A1A-95D6-FC89952E1910} = {BC27FF34-C859-4A1A-95D6-FC89952E1910}
		{7BCD081D-FD85-43C6-922D-72920254AD1F} = {7BCD081D-FD85-43C6-922D-72920254AD1F}
		{5304AD69-D449-4589-B2C9-E4607E56A51D} = {5304AD69-D449-4589-B2C9-E4607E56A51D}
		{CEDF8919-00B2-4D8A-88CC-84ADB2D2FF89} = {CEDF8919-00B2-4D8A-88CC-84ADB2D2FF89}
		{BD3A95FA-A3DE-4B79-A889-A7E5ECA4B69C} = {BD3A95FA-A3DE-4B79-A889-A7E5ECA4B69C}
	EndProjectSection
EndProject
Project("{8BC9CEB8-8B4A-11D0-8D11-00A0C91BC942}") = "libcdata", "libcdata\libcdata.vcproj", "{B9332DC8-7594-47DF-80C1-38922E0F4DFB}"
	ProjectSection(ProjectDependencies) = postProject
		{BD3A95FA-A3DE-4B79-A889-A7E5ECA4B69C} = {BD3A95FA-A3DE-4B79-A889-A7E5ECA4B69C}
		{8AFAA2C6-E025-4B45-B96F-A27D04C6115A} = {8AFAA2C6-E025-4B45-B96F-A27D04C6115A}
	EndProjectSection
EndProject
Project("{8BC9CEB8-8B4A-11D0-8D11-00A0C91BC942}") = "libcsplit", "libcsplit\libcsplit.vcproj", "{B86FB73A-4ACC-42DE-9545-586D93955B06}"
	ProjectSection(ProjectDependencies) = postProject
		{BD3A95FA-A3DE-4B79-A889-A7E5ECA4B69C} = {BD3A95FA-A3DE-4B79-A889-A7E5ECA4B69C}
	EndProjectSection
EndProject
Global
	GlobalSection(SolutionConfigurationPlatforms) = preSolution
		Release|Win32 = Release|Win32
		VSDebug|Win32 = VSDebug|Win32
	EndGlobalSection
	GlobalSection(ProjectConfigurationPlatforms) = postSolution
		{85798504-AF81-4D65-B527-D2667B638C13}.Release|Win32.ActiveCfg = Release|Win32
		{85798504-AF81-4D65-B527-D2667B638C13}.Release|Win32.Build.0 = Release|Win32
		{85798504-AF81-4D65-B527-D2667B638C13}.VSDebug|Win32.ActiveCfg = VSDebug|Win32
		{85798504-AF81-4D65-B527-D2667B638C13}.VSDebug|Win32.Build.0 = VSDebug|Win32
		{8C13E498-6369-4792-A0CF-B7134C54561B}.Release|Win32.ActiveCfg = Release|Win32
		{8C13E498-6369-4792-A0CF-B7134C54561B}.Release|Win32.Build.0 = Release|Win32
		{8C13E498-6369-4792-A0CF-B7134C54561B}.VSDebug|Win32.ActiveCfg = VSDebug|Win32
		{8C13E498-6369-4792-A0CF-B7134C54561B}.VSDebug|Win32.Build.0 = VSDebug|Win32
		{F82D992B-9636-41A5-92EE-FDA09A4344C9}.Release|Win32.ActiveCfg = Release|Win32
		{F82D992B-9636-41A5-92EE-FDA09A4344C9}.Release|Win32.Build.0 = Release|Win32
		{F82D992B-9636-41A5-92EE-FDA09A4344C9}.VSDebug|Win32.ActiveCfg = VSDebug|Win32
		{F82D992B-9636-41A5-92EE-FDA09A4344C9}.VSDebug|Win32.Build.0 = VSDebug|Win32
		{2B3BB037-F748-4983-BE07-9EA910915433}.Release|Win32.ActiveCfg = Release|Win32
		{2B3BB037-F748-4983-BE07-9EA910915433}.Release|Win32.Build.0 = Release|Win32
		{2B3BB037-F748-4983-BE07-9EA910915433}.VSDebug|Win32.ActiveCfg = VSDebug|Win32
		{2B3BB037-F748-4983-BE07-9EA910915433}.VSDebug|Win32.Build.0 = VSDebug|Win32
		{613A110E-1831-45DA-B434-7B4F2C884EE5}.Release|Win32.ActiveCfg = Release|Win32
		{613A110E-1831-45DA-B434-7B4F2C884EE5}.Release|Win32.Build.0 = Release|Win32
		{613A110E-1831-45DA-B434-7B4F2C884EE5}.VSDebug|Win32.ActiveCfg = VSDebug|Win32
		{613A110E-1831-45DA-B434-7B4F2C884EE5}.VSDebug|Win32.Build.0 = VSDebug|Win32
		{778EBD4B-DABA-427F-85CC-CE41949FEB16}.Release|Win32.ActiveCfg = Release|Win32
		{778EBD4B-DABA-427F-85CC-CE41949FEB16}.Release|Win32.Build.0 = Release|Win32
		{778EBD4B-DABA-427F-85CC-CE41949FEB16}.VSDebug|Win32.ActiveCfg = VSDebug|Win32
		{778EBD4B-DABA-427F-85CC-CE41949FEB16}.VSDebug|Win32.Build.0 = VSDebug|Win32
		{24164120-0812-424D-A4BA-865746B620C3}.Release|Win32.ActiveCfg = Release|Win32
		{24164120-0812-424D-A4BA-865746B620C3}.Release|Win32.Build.0 = Release|Win32
		{24164120-0812-424D-A4BA-865746B620C3}.VSDebug|Win32.ActiveCfg = VSDebug|Win32
		{24164120-0812-424D-A4BA-865746B620C3}.VSDebug|Win32.Build.0 = VSDebug|Win32
		{BCB6A59C-382B-42F7-A3E6-AD8D9C8C1FBC}.Release|Win32.ActiveCfg = Release|Win32
		{BCB6A59C-382B-42F7-A3E6-AD8D9C8C1FBC}.Release|Win32.Build.0 = Release|Win32
		{BCB6A59C-382B-42F7-A3E6-AD8D9C8C1FBC}.VSDebug|Win32.ActiveCfg = VSDebug|Win32
		{BCB6A59C-382B-42F7-A3E6-AD8D9C8C1FBC}.VSDebug|Win32.Build.0 = VSDebug|Win32
		{AA145F1F-8A74-4112-B177-8A79984E786C}.Release|Win32.ActiveCfg = Release|Win32
		{AA145F1F-8A74-4112-B177-8A79984E786C}.Release|Win32.Build.0 = Release|Win32
		{AA145F1F-8A74-4112-B177-8A79984E786C}.VSDebug|Win32.ActiveCfg = VSDebug|Win32
		{AA145F1F-8A74-4112-B177-8A79984E786C}.VSDebug|Win32.Build.0 = VSDebug|Win32
		{D7110311-202D-40D4-BC2E-85F3E9284FB3}.Release|Win32.ActiveCfg = Release|Win32
		{D7110311-202D-40D4-BC2E-85F3E9284FB3}.Release|Win32.Build.0 = Release|Win32
		{D7110311-202D-40D4-BC2E-85F3E9284FB3}.VSDebug|Win32.ActiveCfg = VSDebug|Win32
		{D7110311-202D-40D4-BC2E-85F3E9284FB3}.VSDebug|Win32.Build.0 = VSDebug|Win32
		{5BD72764-1D9E-4D80-9BAE-E2C2EEA94457}.Release|Win32.ActiveCfg = Release|Win32
		{5BD72764-1D9E-4D80-9BAE-E2C2EEA94457}.Release|Win32.Build.0 = Release|Win32
		{5BD72764-1D9E-4D80-9BAE-E2C2EEA94457}.VSDebug|Win32.ActiveCfg = VSDebug|Win32
		{5BD72764-1D9E-4D80-9BAE-E2C2EEA94457}.VSDebug|Win32.Build.0 = VSDebug|Win32
		{5D0EF44C-50E4-4A3D-84A2-58D219A7453F}.Release|Win32.ActiveCfg = Release|Win32
		{5D0EF44C-50E4-4A3D-84A2-58D219A7453F}.Release|Win32.Build.0 = Release|Win32
		{5D0EF44C-50E4-4A3D-84A2-58D219A7453F}.VSDebug|Win32.ActiveCfg = VSDebug|Win32
		{5D0EF44C-50E4-4A3D-84A2-58D219A7453F}.VSDebug|Win32.Build.0 = VSDebug|Win32
		{AD251908-821D-4663-8C54-4F353D7263A0}.Release|Win32.ActiveCfg = Release|Win32
		{AD251908-821D-4663-8C54-4F353D7263A0}.Release|Win32.Build.0 = Release|Win32
		{AD251908-821D-4663-8C54-4F353D7263A0}.VSDebug|Win32.ActiveCfg = VSDebug|Win32
		{AD251908-821D-4663-8C54-4F353D7263A0}.VSDebug|Win32.Build.0 = VSDebug|Win32
		{86516E5B-FCF6-4349-91B2-836F58D26C37}.Release|Win32.ActiveCfg = Release|Win32
		{86516E5B-FCF6-4349-91B2-836F58D26C37}.Release|Win32.Build.0 = Release|Win32
		{86516E5B-FCF6-4349-91B2-836F58D26C37}.VSDebug|Win32.ActiveCfg = VSDebug|Win32
		{86516E5B-FCF6-4349-91B2-836F58D26C37}.VSDebug|Win32.Build.0 = VSDebug|Win32
		{23338BAF-D3A7-4F3C-8D5D-966C8D52EF16}.Release|Win32.ActiveCfg = Release|Win32
		{23338BAF-D3A7-4F3C-8D5D-966C8D52EF16}.Release|Win32.Build.0 = Release|Win32
		{23338BAF-D3A7-4F3C-8D5D-966C8D52EF16}.VSDebug|Win32.ActiveCfg = VSDebug|Win32
		{23338BAF-D3A7-4F3C-8D5D-966C8D52EF16}.VSDebug|Win32.Build.0 = VSDebug|Win32
		{EBD2DF07-925E-43FB-83BA-3AA5A600A08F}.Release|Win32.ActiveCfg = Release|Win32
		{EBD2DF07-925E-43FB-83BA-3AA5A600A08F}.Release|Win32.Build.0 = Release|Win32
		{EBD2DF07-925E-43FB-83BA-3AA5A600A08F}.VSDebug|Win32.ActiveCfg = VSDebug|Win32
		{EBD2DF07-925E-43FB-83BA-3AA5A600A08F}.VSDebug|Win32.Build.0 = VSDebug|Win32
		{CF389480-CDCF-457E-987D-E8B17050FA7C}.Release|Win32.ActiveCfg = Release|Win32
		{CF389480-CDCF-457E-987D-E8B17050FA7C}.Release|Win32.Build.0 = Release|Win32
		{CF389480-CDCF-457E-987D-E8B17050FA7C}.VSDebug|Win32.ActiveCfg = VSDebug|Win32
		{CF389480-CDCF-457E-987D-E8B17050FA7C}.VSDebug|Win32.Build.0 = VSDebug|Win32
		{AB66A878-21FC-4141-B99C-139E14ACBEA6}.Release|Win32.ActiveCfg = Release|Win32
		{AB66A878-21FC-4141-B99C-139E14ACBEA6}.Release|Win32.Build.0 = Release|Win32
		{AB66A878-21FC-4141-B99C-139E14ACBEA6}.VSDebug|Win32.ActiveCfg = VSDebug|Win32
		{AB66A878-21FC-4141-B99C-139E14ACBEA6}.VSDebug|Win32.Build.0 = VSDebug|Win32
		{BE15FF92-5EF0-4AE0-B24F-A76C65E6BA01}.Release|Win32.ActiveCfg = Release|Win32
		{BE15FF92-5EF0-4AE0-B24F-A76C65E6BA01}.Release|Win32.Build.0 = Release|Win32
		{BE15FF92-5EF0-4AE0-B24F-A76C65E6BA01}.VSDebug|Win32.ActiveCfg = VSDebug|Win32
		{BE15FF92-5EF0-4AE0-B24F-A76C65E6BA01}.VSDebug|Win32.Build.0 = VSDebug|Win32
		{CEDF8919-00B2-4D8A-88CC-84ADB2D2FF89}.Release|Win32.ActiveCfg = Release|Win32
		{CEDF8919-00B2-4D8A-88CC-84ADB2D2FF89}.Release|Win32.Build.0 = Release|Win32
		{CEDF8919-00B2-4D8A-88CC-84ADB2D2FF89}.VSDebug|Win32.ActiveCfg = VSDebug|Win32
		{CEDF8919-00B2-4D8A-88CC-84ADB2D2FF89}.VSDebug|Win32.Build.0 = VSDebug|Win32
		{41CFAFBF-A1C8-4704-AFEF-31979E6452B9}.Release|Win32.ActiveCfg = Release|Win32
		{41CFAFBF-A1C8-4704-AFEF-31979E6452B9}.Release|Win32.Build.0 = Release|Win32
		{41CFAFBF-A1C8-4704-AFEF-31979E6452B9}.VSDebug|Win32.ActiveCfg = VSDebug|Win32
		{41CFAFBF-A1C8-4704-AFEF-31979E6452B9}.VSDebug|Win32.Build.0 = VSDebug|Win32
		{25C60507-39C6-4564-912D-DA2E7482A00F}.Release|Win32.ActiveCfg = Release|Win32
		{25C60507-39C6-4564-912D-DA2E7482A00F}.Release|Win32.Build.0 = Release|Win32
		{25C60507-39C6-4564-912D-DA2E7482A00F}.VSDebug|Win32.ActiveCfg = VSDebug|Win32
		{25C60507-39C6-4564-912D-DA2E7482A00F}.VSDebug|Win32.Build.0 = VSDebug|Win32
		{4C93BDD3-1804-47F3-9B34-F2DE0CAE1AE0}.Release|Win32.ActiveCfg = Release|Win32
		{4C93BDD3-1804-47F3-9B34-F2DE0CAE1AE0}.Release|Win32.Build.0 = Release|Win32
		{4C93BDD3-1804-47F3-9B34-F2DE0CAE1AE0}.VSDebug|Win32.ActiveCfg = VSDebug|Win32
		{4C93BDD3-1804-47F3-9B34-F2DE0CAE1AE0}.VSDebug|Win32.Build.0 = VSDebug|Win32
		{8AFAA2C6-E025-4B45-B96F-A27D04C6115A}.Release|Win32.ActiveCfg = Release|Win32
		{8AFAA2C6-E025-4B45-B96F-A27D04C6115A}.Release|Win32.Build.0 = Release|Win32
		{8AFAA2C6-E025-4B45-B96F-A27D04C6115A}.VSDebug|Win32.ActiveCfg = VSDebug|Win32
		{8AFAA2C6-E025-4B45-B96F-A27D04C6115A}.VSDebug|Win32.Build.0 = VSDebug|Win32
		{3FFB9C05-1145-45A7-9ADE-5C8D70FBD7CA}.Release|Win32.ActiveCfg = Release|Win32
		{3FFB9C05-1145-45A7-9ADE-5C8D70FBD7CA}.Release|Win32.Build.0 = Release|Win32
		{3FFB9C05-1145-45A7-9ADE-5C8D70FBD7CA}.VSDebug|Win32.ActiveCfg = VSDebug|Win32
		{3FFB9C05-1145-45A7-9ADE-5C8D70FBD7CA}.VSDebug|Win32.Build.0 = VSDebug|Win32
		{BC27FF34-C859-4A1A-95D6-FC89952E1910}.Release|Win32.ActiveCfg = Release|Win32
		{BC27FF34-C859-4A1A-95D6-FC89952E1910}.Release|Win32.Build.0 = Release|Win32
		{BC27FF34-C859-4A1A-95D6-FC89952E1910}.VSDebug|Win32.ActiveCfg = VSDebug|Win32
		{BC27FF34-C859-4A1A-95D6-FC89952E1910}.VSDebug|Win32.Build.0 = VSDebug|Win32
		{85005D62-6AA7-4D8A-86CB-4061B23D7C6C}.Release|Win32.ActiveCfg = Release|Win32
		{85005D62-6AA7-4D8A-86CB-4061B23D7C6C}.Release|Win32.Build.0 = Release|Win32
		{85005D62-6AA7-4D8A-86CB-4061B23D7C6C}.VSDebug|Win32.ActiveCfg = VSDebug|Win32
		{85005D62-6AA7-4D8A-86CB-4061B23D7C6C}.VSDebug|Win32.Build.0 = VSDebug|Win32
		{BD3A95FA-A3DE-4B79-A889-A7E5ECA4B69C}.Release|Win32.ActiveCfg = Release|Win32
		{BD3A95FA-A3DE-4B79-A889-A7E5ECA4B69C}.Release|Win32.Build.0 = Release|Win32
		{BD3A95FA-A3DE-4B79-A889-A7E5ECA4B69C}.VSDebug|Win32.ActiveCfg = VSDebug|Win32
		{BD3A95FA-A3DE-4B79-A889-A7E5ECA4B69C}.VSDebug|Win32.Build.0 = VSDebug|Win32
		{E221DB4C-B254-47CB-993D-DC7FED580DA1}.Release|Win32.ActiveCfg = Release|Win32
		{E221DB4C-B254-47CB-993D-DC7FED580DA1}.Release|Win32.Build.0 = Release|Win32
		{E221DB4C-B254-47CB-993D-DC7FED580DA1}.VSDebug|Win32.ActiveCfg = VSDebug|Win32
		{E221DB4C-B254-47CB-993D-DC7FED580DA1}.VSDebug|Win32.Build.0 = VSDebug|Win32
		{5304AD69-D449-4589-B2C9-E4607E56A51D}.Release|Win32.ActiveCfg = Release|Win32
		{5304AD69-D449-4589-B2C9-E4607E56A51D}.Release|Win32.Build.0 = Release|Win32
		{5304AD69-D449-4589-B2C9-E4607E56A51D}.VSDebug|Win32.ActiveCfg = VSDebug|Win32
		{5304AD69-D449-4589-B2C9-E4607E56A51D}.VSDebug|Win32.Build.0 = VSDebug|Win32
		{7BCD081D-FD85-43C6-922D-72920254AD1F}.Release|Win32.ActiveCfg = Release|Win32
		{7BCD081D-FD85-43C6-922D-72920254AD1F}.Release|Win32.Build.0 = Release|Win32
		{7BCD081D-FD85-43C6-922D-72920254AD1F}.VSDebug|Win32.ActiveCfg = VSDebug|Win32
		{7BCD081D-FD85-43C6-922D-72920254AD1F}.VSDebug|Win32.Build.0 = VSDebug|Win32
		{6B758D1D-FE05-49C6-836B-9B8AC8DC4FCD}.Release|Win32.ActiveCfg = Release|Win32
		{6B758D1D-FE05-49C6-836B-9B8AC8DC4FCD}.Release|Win32.Build.0 = Release|Win32
		{6B758D1D-FE05-49C6-836B-9B8AC8DC4FCD}.VSDebug|Win32.ActiveCfg = VSDebug|Win32
		{6B758D1D-FE05-49C6-836B-9B8AC8DC4FCD}.VSDebug|Win32.Build.0 = VSDebug|Win32
		{A7545354-5D50-49F6-A3D0-1F97F6228955}.Release|Win32.ActiveCfg = Release|Win32
		{A7545354-5D50-49F6-A3D0-1F97F6228955}.Release|Win32.Build.0 = Release|Win32
		{A7545354-5D50-49F6-A3D0-1F97F6228955}.VSDebug|Win32.ActiveCfg = VSDebug|Win32
		{A7545354-5D50-49F6-A3D0-1F97F6228955}.VSDebug|Win32.Build.0 = VSDebug|Win32
		{B9332DC8-7594-47DF-80C1-38922E0F4DFB}.Release|Win32.ActiveCfg = Release|Win32
		{B9332DC8-7594-47DF-80C1-38922E0F4DFB}.Release|Win32.Build.0 = Release|Win32
		{B9332DC8-7594-47DF-80C1-38922E0F4DFB}.VSDebug|Win32.ActiveCfg = VSDebug|Win32
		{B9332DC8-7594-47DF-80C1-38922E0F4DFB}.VSDebug|Win32.Build.0 = VSDebug|Win32
		{B86FB73A-4ACC-42DE-9545-586D93955B06}.Release|Win32.ActiveCfg = Release|Win32
		{B86FB73A-4ACC-42DE-9545-586D93955B06}.Release|Win32.Build.0 = Release|Win32
		{B86FB73A-4ACC-42DE-9545-586D93955B06}.VSDebug|Win32.ActiveCfg = VSDebug|Win32
		{B86FB73A-4ACC-42DE-9545-586D93955B06}.VSDebug|Win32.Build.0 = VSDebug|Win32
	EndGlobalSection
	GlobalSection(SolutionProperties) = preSolution
		HideSolutionNode = FALSE
	EndGlobalSection
EndGlobal
